
Microsoft Visual Studio Solution File, Format Version 12.00
# Visual Studio Version 16
VisualStudioVersion = 16.0.29911.84
MinimumVisualStudioVersion = 10.0.40219.1
Project("{FAE04EC0-301F-11D3-BF4B-00C04F79EFBC}") = "MyBank", "MyBank\MyBank.csproj", "{5E0DAFB8-1AD0-4632-8912-316DFE3A55D0}"
EndProject
Global
	GlobalSection(SolutionConfigurationPlatforms) = preSolution
		Debug|Any CPU = Debug|Any CPU
		Release|Any CPU = Release|Any CPU
	EndGlobalSection
	GlobalSection(ProjectConfigurationPlatforms) = postSolution
		{5E0DAFB8-1AD0-4632-8912-316DFE3A55D0}.Debug|Any CPU.ActiveCfg = Debug|Any CPU
		{5E0DAFB8-1AD0-4632-8912-316DFE3A55D0}.Debug|Any CPU.Build.0 = Debug|Any CPU
		{5E0DAFB8-1AD0-4632-8912-316DFE3A55D0}.Release|Any CPU.ActiveCfg = Release|Any CPU
		{5E0DAFB8-1AD0-4632-8912-316DFE3A55D0}.Release|Any CPU.Build.0 = Release|Any CPU
	EndGlobalSection
	GlobalSection(SolutionProperties) = preSolution
		HideSolutionNode = FALSE
	EndGlobalSection
	GlobalSection(ExtensibilityGlobals) = postSolution
		SolutionGuid = {C718A034-CAAD-4C01-8574-49C6D7E55342}
	EndGlobalSection
EndGlobal
